Microsoft Visual Studio Solution File, Format Version 12.00
# Visual Studio Version 18
VisualStudioVersion = 18.8.12009.203 stable
MinimumVisualStudioVersion = 10.0.40219.1
Project("{FAE04EC0-301F-11D3-BF4B-00C04F79EFBC}") = "WWP.LandscapeDataManager.Contracts", "src\WWP.LandscapeDataManager.Contracts\WWP.LandscapeDataManager.Contracts.csproj", "{B97AFB38-D201-49B3-BF05-997122627AE0}"
EndProject
Project("{FAE04EC0-301F-11D3-BF4B-00C04F79EFBC}") = "WWP.LandscapeDataManager.Revit", "src\WWP.LandscapeDataManager.Revit\WWP.LandscapeDataManager.Revit.csproj", "{6FE65A4A-720F-4C3A-8A6D-844FD9DEDA4A}"
EndProject
Project("{FAE04EC0-301F-11D3-BF4B-00C04F79EFBC}") = "WWP.LandscapeDataManager.App", "src\WWP.LandscapeDataManager.App\WWP.LandscapeDataManager.App.csproj", "{95F505BF-4C0C-4D43-B6E6-9773F1AD6664}"
EndProject
Project("{FAE04EC0-301F-11D3-BF4B-00C04F79EFBC}") = "WWP.LandscapeDataManager.Shared", "src\WWP.LandscapeDataManager.Shared\WWP.LandscapeDataManager.Shared.csproj", "{B9C40BC0-EE9E-4327-B15F-540423E9723D}"
EndProject
Project("{FAE04EC0-301F-11D3-BF4B-00C04F79EFBC}") = "WWP.LandscapeDataManager.App.Parameters", "src\WWP.LandscapeDataManager.App.Parameters\WWP.LandscapeDataManager.App.Parameters.csproj", "{6A0AB831-069F-41E3-A38A-9D1778384050}"
EndProject
Project("{FAE04EC0-301F-11D3-BF4B-00C04F79EFBC}") = "WWP.LandscapeDataManager.App.Importer", "src\WWP.LandscapeDataManager.App.Importer\WWP.LandscapeDataManager.App.Importer.csproj", "{6266B460-BA8F-4656-9DD6-17064FC12D38}"
EndProject
Project("{FAE04EC0-301F-11D3-BF4B-00C04F79EFBC}") = "WWP.LandscapeDataManager.App.ITreeDownloader", "src\WWP.LandscapeDataManager.App.ITreeDownloader\WWP.LandscapeDataManager.App.ITreeDownloader.csproj", "{63612A61-DCB3-4E5B-9DC7-409E8D64EB26}"
EndProject
Project("{FAE04EC0-301F-11D3-BF4B-00C04F79EFBC}") = "WWP.LandscapeDataManager.App.ITreeCalculator", "src\WWP.LandscapeDataManager.App.ITreeCalculator\WWP.LandscapeDataManager.App.ITreeCalculator.csproj", "{45699D92-8EFE-4663-82D6-77AAB8D388C9}"
EndProject
Project("{FAE04EC0-301F-11D3-BF4B-00C04F79EFBC}") = "WWP.LandscapeDataManager.App.SyncAudit", "src\WWP.LandscapeDataManager.App.SyncAudit\WWP.LandscapeDataManager.App.SyncAudit.csproj", "{400953BA-4462-4427-A4E2-B0A265E216CE}"
EndProject
Project("{FAE04EC0-301F-11D3-BF4B-00C04F79EFBC}") = "WWP.LandscapeDataManager.App.TreeSearcher", "src\WWP.LandscapeDataManager.App.TreeSearcher\WWP.LandscapeDataManager.App.TreeSearcher.csproj", "{2C6B9E7D-1A4F-4E8B-9C3D-7F2A8E5B4D91}"
EndProject
Project("{FAE04EC0-301F-11D3-BF4B-00C04F79EFBC}") = "WWP.LandscapeDataManager.App.LocationFinder", "src\WWP.LandscapeDataManager.App.LocationFinder\WWP.LandscapeDataManager.App.LocationFinder.csproj", "{8D4F2A6C-3E9B-4D17-A5C8-1B6E9F3A7C52}"
EndProject
Project("{FAE04EC0-301F-11D3-BF4B-00C04F79EFBC}") = "WWP.LandscapeDataManager.App.FloorCalculator", "src\WWP.LandscapeDataManager.App.FloorCalculator\WWP.LandscapeDataManager.App.FloorCalculator.csproj", "{3F7A1D9E-6C2B-4A85-9E4F-2D8B5C1A9F63}"
EndProject
Project("{FAE04EC0-301F-11D3-BF4B-00C04F79EFBC}") = "WWP.LandscapeDataManager.App.HealthCheck", "src\WWP.LandscapeDataManager.App.HealthCheck\WWP.LandscapeDataManager.App.HealthCheck.csproj", "{7B2E4C81-9A3D-4F6E-8C1B-5E9A2D7F3B84}"
EndProject
Global
	GlobalSection(SolutionConfigurationPlatforms) = preSolution
		Debug 2025|Any CPU = Debug 2025|Any CPU
		Debug 2026|Any CPU = Debug 2026|Any CPU
		Debug|Any CPU = Debug|Any CPU
		Release|Any CPU = Release|Any CPU
	EndGlobalSection
	GlobalSection(ProjectConfigurationPlatforms) = postSolution
		{B97AFB38-D201-49B3-BF05-997122627AE0}.Debug 2025|Any CPU.ActiveCfg = Debug 2025|Any CPU
		{B97AFB38-D201-49B3-BF05-997122627AE0}.Debug 2025|Any CPU.Build.0 = Debug 2025|Any CPU
		{B97AFB38-D201-49B3-BF05-997122627AE0}.Debug 2026|Any CPU.ActiveCfg = Debug 2026|Any CPU
		{B97AFB38-D201-49B3-BF05-997122627AE0}.Debug 2026|Any CPU.Build.0 = Debug 2026|Any CPU
		{B97AFB38-D201-49B3-BF05-997122627AE0}.Debug|Any CPU.ActiveCfg = Debug|Any CPU
		{B97AFB38-D201-49B3-BF05-997122627AE0}.Debug|Any CPU.Build.0 = Debug|Any CPU
		{B97AFB38-D201-49B3-BF05-997122627AE0}.Release|Any CPU.ActiveCfg = Release|Any CPU
		{B97AFB38-D201-49B3-BF05-997122627AE0}.Release|Any CPU.Build.0 = Release|Any CPU
		{6FE65A4A-720F-4C3A-8A6D-844FD9DEDA4A}.Debug 2025|Any CPU.ActiveCfg = Debug 2025|Any CPU
		{6FE65A4A-720F-4C3A-8A6D-844FD9DEDA4A}.Debug 2025|Any CPU.Build.0 = Debug 2025|Any CPU
		{6FE65A4A-720F-4C3A-8A6D-844FD9DEDA4A}.Debug 2026|Any CPU.ActiveCfg = Debug 2026|Any CPU
		{6FE65A4A-720F-4C3A-8A6D-844FD9DEDA4A}.Debug 2026|Any CPU.Build.0 = Debug 2026|Any CPU
		{6FE65A4A-720F-4C3A-8A6D-844FD9DEDA4A}.Debug|Any CPU.ActiveCfg = Debug|Any CPU
		{6FE65A4A-720F-4C3A-8A6D-844FD9DEDA4A}.Debug|Any CPU.Build.0 = Debug|Any CPU
		{6FE65A4A-720F-4C3A-8A6D-844FD9DEDA4A}.Release|Any CPU.ActiveCfg = Release|Any CPU
		{6FE65A4A-720F-4C3A-8A6D-844FD9DEDA4A}.Release|Any CPU.Build.0 = Release|Any CPU
		{95F505BF-4C0C-4D43-B6E6-9773F1AD6664}.Debug 2025|Any CPU.ActiveCfg = Debug 2025|x64
		{95F505BF-4C0C-4D43-B6E6-9773F1AD6664}.Debug 2025|Any CPU.Build.0 = Debug 2025|x64
		{95F505BF-4C0C-4D43-B6E6-9773F1AD6664}.Debug 2026|Any CPU.ActiveCfg = Debug 2026|x64
		{95F505BF-4C0C-4D43-B6E6-9773F1AD6664}.Debug 2026|Any CPU.Build.0 = Debug 2026|x64
		{95F505BF-4C0C-4D43-B6E6-9773F1AD6664}.Debug|Any CPU.ActiveCfg = Debug|x64
		{95F505BF-4C0C-4D43-B6E6-9773F1AD6664}.Debug|Any CPU.Build.0 = Debug|x64
		{95F505BF-4C0C-4D43-B6E6-9773F1AD6664}.Release|Any CPU.ActiveCfg = Release|x64
		{95F505BF-4C0C-4D43-B6E6-9773F1AD6664}.Release|Any CPU.Build.0 = Release|x64
		{B9C40BC0-EE9E-4327-B15F-540423E9723D}.Debug 2025|Any CPU.ActiveCfg = Debug 2025|Any CPU
		{B9C40BC0-EE9E-4327-B15F-540423E9723D}.Debug 2025|Any CPU.Build.0 = Debug 2025|Any CPU
		{B9C40BC0-EE9E-4327-B15F-540423E9723D}.Debug 2026|Any CPU.ActiveCfg = Debug 2026|Any CPU
		{B9C40BC0-EE9E-4327-B15F-540423E9723D}.Debug 2026|Any CPU.Build.0 = Debug 2026|Any CPU
		{B9C40BC0-EE9E-4327-B15F-540423E9723D}.Debug|Any CPU.ActiveCfg = Debug|Any CPU
		{B9C40BC0-EE9E-4327-B15F-540423E9723D}.Debug|Any CPU.Build.0 = Debug|Any CPU
		{B9C40BC0-EE9E-4327-B15F-540423E9723D}.Release|Any CPU.ActiveCfg = Release|Any CPU
		{B9C40BC0-EE9E-4327-B15F-540423E9723D}.Release|Any CPU.Build.0 = Release|Any CPU
		{6A0AB831-069F-41E3-A38A-9D1778384050}.Debug 2025|Any CPU.ActiveCfg = Debug 2025|x64
		{6A0AB831-069F-41E3-A38A-9D1778384050}.Debug 2025|Any CPU.Build.0 = Debug 2025|x64
		{6A0AB831-069F-41E3-A38A-9D1778384050}.Debug 2026|Any CPU.ActiveCfg = Debug 2026|x64
		{6A0AB831-069F-41E3-A38A-9D1778384050}.Debug 2026|Any CPU.Build.0 = Debug 2026|x64
		{6A0AB831-069F-41E3-A38A-9D1778384050}.Debug|Any CPU.ActiveCfg = Debug|x64
		{6A0AB831-069F-41E3-A38A-9D1778384050}.Debug|Any CPU.Build.0 = Debug|x64
		{6A0AB831-069F-41E3-A38A-9D1778384050}.Release|Any CPU.ActiveCfg = Release|x64
		{6A0AB831-069F-41E3-A38A-9D1778384050}.Release|Any CPU.Build.0 = Release|x64
		{6266B460-BA8F-4656-9DD6-17064FC12D38}.Debug 2025|Any CPU.ActiveCfg = Debug 2025|x64
		{6266B460-BA8F-4656-9DD6-17064FC12D38}.Debug 2025|Any CPU.Build.0 = Debug 2025|x64
		{6266B460-BA8F-4656-9DD6-17064FC12D38}.Debug 2026|Any CPU.ActiveCfg = Debug 2026|x64
		{6266B460-BA8F-4656-9DD6-17064FC12D38}.Debug 2026|Any CPU.Build.0 = Debug 2026|x64
		{6266B460-BA8F-4656-9DD6-17064FC12D38}.Debug|Any CPU.ActiveCfg = Debug|x64
		{6266B460-BA8F-4656-9DD6-17064FC12D38}.Debug|Any CPU.Build.0 = Debug|x64
		{6266B460-BA8F-4656-9DD6-17064FC12D38}.Release|Any CPU.ActiveCfg = Release|x64
		{6266B460-BA8F-4656-9DD6-17064FC12D38}.Release|Any CPU.Build.0 = Release|x64
		{63612A61-DCB3-4E5B-9DC7-409E8D64EB26}.Debug 2025|Any CPU.ActiveCfg = Debug 2025|x64
		{63612A61-DCB3-4E5B-9DC7-409E8D64EB26}.Debug 2025|Any CPU.Build.0 = Debug 2025|x64
		{63612A61-DCB3-4E5B-9DC7-409E8D64EB26}.Debug 2026|Any CPU.ActiveCfg = Debug 2026|x64
		{63612A61-DCB3-4E5B-9DC7-409E8D64EB26}.Debug 2026|Any CPU.Build.0 = Debug 2026|x64
		{63612A61-DCB3-4E5B-9DC7-409E8D64EB26}.Debug|Any CPU.ActiveCfg = Debug|x64
		{63612A61-DCB3-4E5B-9DC7-409E8D64EB26}.Debug|Any CPU.Build.0 = Debug|x64
		{63612A61-DCB3-4E5B-9DC7-409E8D64EB26}.Release|Any CPU.ActiveCfg = Release|x64
		{63612A61-DCB3-4E5B-9DC7-409E8D64EB26}.Release|Any CPU.Build.0 = Release|x64
		{45699D92-8EFE-4663-82D6-77AAB8D388C9}.Debug 2025|Any CPU.ActiveCfg = Debug 2025|x64
		{45699D92-8EFE-4663-82D6-77AAB8D388C9}.Debug 2025|Any CPU.Build.0 = Debug 2025|x64
		{45699D92-8EFE-4663-82D6-77AAB8D388C9}.Debug 2026|Any CPU.ActiveCfg = Debug 2026|x64
		{45699D92-8EFE-4663-82D6-77AAB8D388C9}.Debug 2026|Any CPU.Build.0 = Debug 2026|x64
		{45699D92-8EFE-4663-82D6-77AAB8D388C9}.Debug|Any CPU.ActiveCfg = Debug|x64
		{45699D92-8EFE-4663-82D6-77AAB8D388C9}.Debug|Any CPU.Build.0 = Debug|x64
		{45699D92-8EFE-4663-82D6-77AAB8D388C9}.Release|Any CPU.ActiveCfg = Release|x64
		{45699D92-8EFE-4663-82D6-77AAB8D388C9}.Release|Any CPU.Build.0 = Release|x64
		{400953BA-4462-4427-A4E2-B0A265E216CE}.Debug 2025|Any CPU.ActiveCfg = Debug 2025|x64
		{400953BA-4462-4427-A4E2-B0A265E216CE}.Debug 2025|Any CPU.Build.0 = Debug 2025|x64
		{400953BA-4462-4427-A4E2-B0A265E216CE}.Debug 2026|Any CPU.ActiveCfg = Debug 2026|x64
		{400953BA-4462-4427-A4E2-B0A265E216CE}.Debug 2026|Any CPU.Build.0 = Debug 2026|x64
		{400953BA-4462-4427-A4E2-B0A265E216CE}.Debug|Any CPU.ActiveCfg = Debug|x64
		{400953BA-4462-4427-A4E2-B0A265E216CE}.Debug|Any CPU.Build.0 = Debug|x64
		{400953BA-4462-4427-A4E2-B0A265E216CE}.Release|Any CPU.ActiveCfg = Release|x64
		{400953BA-4462-4427-A4E2-B0A265E216CE}.Release|Any CPU.Build.0 = Release|x64
		{2C6B9E7D-1A4F-4E8B-9C3D-7F2A8E5B4D91}.Debug 2025|Any CPU.ActiveCfg = Debug 2025|x64
		{2C6B9E7D-1A4F-4E8B-9C3D-7F2A8E5B4D91}.Debug 2025|Any CPU.Build.0 = Debug 2025|x64
		{2C6B9E7D-1A4F-4E8B-9C3D-7F2A8E5B4D91}.Debug 2026|Any CPU.ActiveCfg = Debug 2026|x64
		{2C6B9E7D-1A4F-4E8B-9C3D-7F2A8E5B4D91}.Debug 2026|Any CPU.Build.0 = Debug 2026|x64
		{2C6B9E7D-1A4F-4E8B-9C3D-7F2A8E5B4D91}.Debug|Any CPU.ActiveCfg = Debug|x64
		{2C6B9E7D-1A4F-4E8B-9C3D-7F2A8E5B4D91}.Debug|Any CPU.Build.0 = Debug|x64
		{2C6B9E7D-1A4F-4E8B-9C3D-7F2A8E5B4D91}.Release|Any CPU.ActiveCfg = Release|x64
		{2C6B9E7D-1A4F-4E8B-9C3D-7F2A8E5B4D91}.Release|Any CPU.Build.0 = Release|x64
		{8D4F2A6C-3E9B-4D17-A5C8-1B6E9F3A7C52}.Debug 2025|Any CPU.ActiveCfg = Debug 2025|x64
		{8D4F2A6C-3E9B-4D17-A5C8-1B6E9F3A7C52}.Debug 2025|Any CPU.Build.0 = Debug 2025|x64
		{8D4F2A6C-3E9B-4D17-A5C8-1B6E9F3A7C52}.Debug 2026|Any CPU.ActiveCfg = Debug 2026|x64
		{8D4F2A6C-3E9B-4D17-A5C8-1B6E9F3A7C52}.Debug 2026|Any CPU.Build.0 = Debug 2026|x64
		{8D4F2A6C-3E9B-4D17-A5C8-1B6E9F3A7C52}.Debug|Any CPU.ActiveCfg = Debug|x64
		{8D4F2A6C-3E9B-4D17-A5C8-1B6E9F3A7C52}.Debug|Any CPU.Build.0 = Debug|x64
		{8D4F2A6C-3E9B-4D17-A5C8-1B6E9F3A7C52}.Release|Any CPU.ActiveCfg = Release|x64
		{8D4F2A6C-3E9B-4D17-A5C8-1B6E9F3A7C52}.Release|Any CPU.Build.0 = Release|x64
		{3F7A1D9E-6C2B-4A85-9E4F-2D8B5C1A9F63}.Debug 2025|Any CPU.ActiveCfg = Debug 2025|x64
		{3F7A1D9E-6C2B-4A85-9E4F-2D8B5C1A9F63}.Debug 2025|Any CPU.Build.0 = Debug 2025|x64
		{3F7A1D9E-6C2B-4A85-9E4F-2D8B5C1A9F63}.Debug 2026|Any CPU.ActiveCfg = Debug 2026|x64
		{3F7A1D9E-6C2B-4A85-9E4F-2D8B5C1A9F63}.Debug 2026|Any CPU.Build.0 = Debug 2026|x64
		{3F7A1D9E-6C2B-4A85-9E4F-2D8B5C1A9F63}.Debug|Any CPU.ActiveCfg = Debug|x64
		{3F7A1D9E-6C2B-4A85-9E4F-2D8B5C1A9F63}.Debug|Any CPU.Build.0 = Debug|x64
		{3F7A1D9E-6C2B-4A85-9E4F-2D8B5C1A9F63}.Release|Any CPU.ActiveCfg = Release|x64
		{3F7A1D9E-6C2B-4A85-9E4F-2D8B5C1A9F63}.Release|Any CPU.Build.0 = Release|x64
		{7B2E4C81-9A3D-4F6E-8C1B-5E9A2D7F3B84}.Debug 2025|Any CPU.ActiveCfg = Debug 2025|x64
		{7B2E4C81-9A3D-4F6E-8C1B-5E9A2D7F3B84}.Debug 2025|Any CPU.Build.0 = Debug 2025|x64
		{7B2E4C81-9A3D-4F6E-8C1B-5E9A2D7F3B84}.Debug 2026|Any CPU.ActiveCfg = Debug 2026|x64
		{7B2E4C81-9A3D-4F6E-8C1B-5E9A2D7F3B84}.Debug 2026|Any CPU.Build.0 = Debug 2026|x64
		{7B2E4C81-9A3D-4F6E-8C1B-5E9A2D7F3B84}.Debug|Any CPU.ActiveCfg = Debug|x64
		{7B2E4C81-9A3D-4F6E-8C1B-5E9A2D7F3B84}.Debug|Any CPU.Build.0 = Debug|x64
		{7B2E4C81-9A3D-4F6E-8C1B-5E9A2D7F3B84}.Release|Any CPU.ActiveCfg = Release|x64
		{7B2E4C81-9A3D-4F6E-8C1B-5E9A2D7F3B84}.Release|Any CPU.Build.0 = Release|x64
	EndGlobalSection
	GlobalSection(SolutionProperties) = preSolution
		HideSolutionNode = FALSE
	EndGlobalSection
EndGlobal
